uuid: da87393d-6d7e-4775-aff5-76a673c29a9a
langcode: en
status: true
dependencies:
  module:
    - localgov_search
  theme:
    - stable9
_core:
  default_config_hash: '-8l4LP3RbfQreE5z0n9Jchv3QDRI4TWy6n9HUTnSDN4'
id: stable9_sitewide_search_off_canvas_block
theme: stable9
region: sidebar_first
weight: 15
provider: null
plugin: localgov_sitewide_search_block
settings:
  id: localgov_sitewide_search_block
  label: 'Sitewide search block'
  label_display: '0'
  provider: localgov_search
visibility: {  }
