uuid: 12957b29-965e-45bc-b46f-5b3128b3247f
langcode: en
status: true
dependencies:
  module:
    - localgov_publications
    - node
  theme:
    - essex_microsites_base
id: essex_microsites_base_localgov_publications_toc_block
theme: essex_microsites_base
region: sidebar_first
weight: 1
provider: null
plugin: localgov_publications_toc_block
settings:
  id: localgov_publications_toc_block
  label: 'On this page'
  label_display: visible
  provider: localgov_publications
  context_mapping:
    node: '@node.node_route_context:node'
visibility:
  'entity_bundle:node':
    id: 'entity_bundle:node'
    negate: false
    context_mapping:
      node: '@node.node_route_context:node'
    bundles:
      localgov_publication_page: localgov_publication_page
