uuid: 649fc87d-e353-4bdc-9c7c-b3eaabc7c665
langcode: en
status: true
dependencies:
  module:
    - localgov_publications
    - node
  theme:
    - essex_microsites_base
id: essex_microsites_base_localgov_publications_page_header_block
theme: essex_microsites_base
region: content_top
weight: -100
provider: null
plugin: localgov_publications_page_header_block
settings:
  id: localgov_publications_page_header_block
  label: 'Publications page header block.'
  label_display: '0'
  provider: localgov_publications
  context_mapping:
    node: '@node.node_route_context:node'
visibility:
  'entity_bundle:node':
    id: 'entity_bundle:node'
    negate: false
    context_mapping:
      node: '@node.node_route_context:node'
    bundles:
      localgov_publication_cover_page: localgov_publication_cover_page
      localgov_publication_page: localgov_publication_page
