uuid: d4252292-a4b1-41f6-88dc-63e32d30e1db
langcode: en
status: true
dependencies:
  module:
    - localgov_search
    - system
  theme:
    - love_essex
_core:
  default_config_hash: WIUemtpkGaKQek-XxYZGd-m4yy2GKnF4i-uBZ-7-l4I
id: love_essex_sitewide_search_block
theme: love_essex
region: search
weight: -12
provider: null
plugin: localgov_sitewide_search_block
settings:
  id: localgov_sitewide_search_block
  label: 'Sitewide search block'
  label_display: '0'
  provider: localgov_search
visibility:
  response_status:
    id: response_status
    negate: false
    status_codes:
      - 200
